
Microsoft Visual Studio Solution File, Format Version 12.00
# Visual Studio Version 17
VisualStudioVersion = 17.11.35219.272
MinimumVisualStudioVersion = 10.0.40219.1
Project("{FAE04EC0-301F-11D3-BF4B-00C04F79EFBC}") = "JislandEditor", "CoolModCode\JislandEditor.csproj", "{B48F7CB9-2805-483E-A556-101057476CE0}"
EndProject
Global
	GlobalSection(SolutionConfigurationPlatforms) = preSolution
		Debug|Any CPU = Debug|Any CPU
		Release|Any CPU = Release|Any CPU
	EndGlobalSection
	GlobalSection(ProjectConfigurationPlatforms) = postSolution
		{B48F7CB9-2805-483E-A556-101057476CE0}.Debug|Any CPU.ActiveCfg = Debug|Any CPU
		{B48F7CB9-2805-483E-A556-101057476CE0}.Debug|Any CPU.Build.0 = Debug|Any CPU
		{B48F7CB9-2805-483E-A556-101057476CE0}.Release|Any CPU.ActiveCfg = Release|Any CPU
		{B48F7CB9-2805-483E-A556-101057476CE0}.Release|Any CPU.Build.0 = Release|Any CPU
	EndGlobalSection
	GlobalSection(SolutionProperties) = preSolution
		HideSolutionNode = FALSE
	EndGlobalSection
	GlobalSection(ExtensibilityGlobals) = postSolution
		SolutionGuid = {990DD14D-0F6C-44BE-9F98-5A554434BCC6}
	EndGlobalSection
EndGlobal
